// !$*UTF8*$!
{
	archiveVersion = 1;
	classes = {
	};
	objectVersion = 46;
	objects = {

/* Begin PBXBuildFile section */
		DB5C3C291CBE295800054F6E /* main.m in Sources */ = {isa = PBXBuildFile; fileRef = DB5C3C281CBE295800054F6E /* main.m */; };
		DB5C3C2C1CBE295800054F6E /* AppDelegate.m in Sources */ = {isa = PBXBuildFile; fileRef = DB5C3C2B1CBE295800054F6E /* AppDelegate.m */; };
		DB5C3C2F1CBE295800054F6E /* ViewController.m in Sources */ = {isa = PBXBuildFile; fileRef = DB5C3C2E1CBE295800054F6E /* ViewController.m */; };
		DB5C3C321CBE295800054F6E /* Main.storyboard in Resources */ = {isa = PBXBuildFile; fileRef = DB5C3C301CBE295800054F6E /* Main.storyboard */; };
		DB5C3C341CBE295800054F6E /* Assets.xcassets in Resources */ = {isa = PBXBuildFile; fileRef = DB5C3C331CBE295800054F6E /* Assets.xcassets */; };
		DB5C3C371CBE295800054F6E /* LaunchScreen.storyboard in Resources */ = {isa = PBXBuildFile; fileRef = DB5C3C351CBE295800054F6E /* LaunchScreen.storyboard */; };
		DB5C3C421CBE295800054F6E /* mantougeTests.m in Sources */ = {isa = PBXBuildFile; fileRef = DB5C3C411CBE295800054F6E /* mantougeTests.m */; };
		DB5C3C4D1CBE295800054F6E /* mantougeUITests.m in Sources */ = {isa = PBXBuildFile; fileRef = DB5C3C4C1CBE295800054F6E /* mantougeUITests.m */; };
/* End PBXBuildFile section */

/* Begin PBXContainerItemProxy section */
		DB5C3C3E1CBE295800054F6E /* PBXContainerItemProxy */ = {
			isa = PBXContainerItemProxy;
			containerPortal = DB5C3C1C1CBE295800054F6E /* Project object */;
			proxyType = 1;
			remoteGlobalIDString = DB5C3C231CBE295800054F6E;
			remoteInfo = mantouge;
		};
		DB5C3C491CBE295800054F6E /* PBXContainerItemProxy */ = {
			isa = PBXContainerItemProxy;
			containerPortal = DB5C3C1C1CBE295800054F6E /* Project object */;
			proxyType = 1;
			remoteGlobalIDString = DB5C3C231CBE295800054F6E;
			remoteInfo = mantouge;
		};
/* End PBXContainerItemProxy section */

/* Begin PBXFileReference section */
		DB5C3C241CBE295800054F6E /* mantouge.app */ = {isa = PBXFileReference; explicitFileType = wrapper.application; includeInIndex = 0; path = mantouge.app; sourceTree = BUILT_PRODUCTS_DIR; };
		DB5C3C281CBE295800054F6E /* main.m */ = {isa = PBXFileReference; lastKnownFileType = sourcecode.c.objc; path = main.m; sourceTree = "<group>"; };
		DB5C3C2A1CBE295800054F6E /* AppDelegate.h */ = {isa = PBXFileReference; lastKnownFileType = sourcecode.c.h; path = AppDelegate.h; sourceTree = "<group>"; };
		DB5C3C2B1CBE295800054F6E /* AppDelegate.m */ = {isa = PBXFileReference; lastKnownFileType = sourcecode.c.objc; path = AppDelegate.m; sourceTree = "<group>"; };
		DB5C3C2D1CBE295800054F6E /* ViewController.h */ = {isa = PBXFileReference; lastKnownFileType = sourcecode.c.h; path = ViewController.h; sourceTree = "<group>"; };
		DB5C3C2E1CBE295800054F6E /* ViewController.m */ = {isa = PBXFileReference; lastKnownFileType = sourcecode.c.objc; path = ViewController.m; sourceTree = "<group>"; };
		DB5C3C311CBE295800054F6E /* Base */ = {isa = PBXFileReference; lastKnownFileType = file.storyboard; name = Base; path = Base.lproj/Main.storyboard; sourceTree = "<group>"; };
		DB5C3C331CBE295800054F6E /* Assets.xcassets */ = {isa = PBXFileReference; lastKnownFileType = folder.assetcatalog; path = Assets.xcassets; sourceTree = "<group>"; };
		DB5C3C361CBE295800054F6E /* Base */ = {isa = PBXFileReference; lastKnownFileType = file.storyboard; name = Base; path = Base.lproj/LaunchScreen.storyboard; sourceTree = "<group>"; };
		DB5C3C381CBE295800054F6E /* Info.plist */ = {isa = PBXFileReference; lastKnownFileType = text.plist.xml; path = Info.plist; sourceTree = "<group>"; };
		DB5C3C3D1CBE295800054F6E /* mantougeTests.xctest */ = {isa = PBXFileReference; explicitFileType = wrapper.cfbundle; includeInIndex = 0; path = mantougeTests.xctest; sourceTree = BUILT_PRODUCTS_DIR; };
		DB5C3C411CBE295800054F6E /* mantougeTests.m */ = {isa = PBXFileReference; lastKnownFileType = sourcecode.c.objc; path = mantougeTests.m; sourceTree = "<group>"; };
		DB5C3C431CBE295800054F6E /* Info.plist */ = {isa = PBXFileReference; lastKnownFileType = text.plist.xml; path = Info.plist; sourceTree = "<group>"; };
		DB5C3C481CBE295800054F6E /* mantougeUITests.xctest */ = {isa = PBXFileReference; explicitFileType = wrapper.cfbundle; includeInIndex = 0; path = mantougeUITests.xctest; sourceTree = BUILT_PRODUCTS_DIR; };
		DB5C3C4C1CBE295800054F6E /* mantougeUITests.m */ = {isa = PBXFileReference; lastKnownFileType = sourcecode.c.objc; path = mantougeUITests.m; sourceTree = "<group>"; };
		DB5C3C4E1CBE295800054F6E /* Info.plist */ = {isa = PBXFileReference; lastKnownFileType = text.plist.xml; path = Info.plist; sourceTree = "<group>"; };
/* End PBXFileReference section */

/* Begin PBXFrameworksBuildPhase section */
		DB5C3C211CBE295800054F6E /* Frameworks */ = {
			isa = PBXFrameworksBuildPhase;
			buildActionMask = 2147483647;
			files = (
			);
			runOnlyForDeploymentPostprocessing = 0;
		};
		DB5C3C3A1CBE295800054F6E /* Frameworks */ = {
			isa = PBXFrameworksBuildPhase;
			buildActionMask = 2147483647;
			files = (
			);
			runOnlyForDeploymentPostprocessing = 0;
		};
		DB5C3C451CBE295800054F6E /* Frameworks */ = {
			isa = PBXFrameworksBuildPhase;
			buildActionMask = 2147483647;
			files = (
			);
			runOnlyForDeploymentPostprocessing = 0;
		};
/* End PBXFrameworksBuildPhase section */

/* Begin PBXGroup section */
		DB5C3C1B1CBE295800054F6E = {
			isa = PBXGroup;
			children = (
				DB5C3C261CBE295800054F6E /* mantouge */,
				DB5C3C401CBE295800054F6E /* mantougeTests */,
				DB5C3C4B1CBE295800054F6E /* mantougeUITests */,
				DB5C3C251CBE295800054F6E /* Products */,
			);
			sourceTree = "<group>";
		};
		DB5C3C251CBE295800054F6E /* Products */ = {
			isa = PBXGroup;
			children = (
				DB5C3C241CBE295800054F6E /* mantouge.app */,
				DB5C3C3D1CBE295800054F6E /* mantougeTests.xctest */,
				DB5C3C481CBE295800054F6E /* mantougeUITests.xctest */,
			);
			name = Products;
			sourceTree = "<group>";
		};
		DB5C3C261CBE295800054F6E /* mantouge */ = {
			isa = PBXGroup;
			children = (
				DB5C3C2A1CBE295800054F6E /* AppDelegate.h */,
				DB5C3C2B1CBE295800054F6E /* AppDelegate.m */,
				DB5C3C2D1CBE295800054F6E /* ViewController.h */,
				DB5C3C2E1CBE295800054F6E /* ViewController.m */,
				DB5C3C301CBE295800054F6E /* Main.storyboard */,
				DB5C3C331CBE295800054F6E /* Assets.xcassets */,
				DB5C3C351CBE295800054F6E /* LaunchScreen.storyboard */,
				DB5C3C381CBE295800054F6E /* Info.plist */,
				DB5C3C271CBE295800054F6E /* Supporting Files */,
			);
			path = mantouge;
			sourceTree = "<group>";
		};
		DB5C3C271CBE295800054F6E /* Supporting Files */ = {
			isa = PBXGroup;
			children = (
				DB5C3C281CBE295800054F6E /* main.m */,
			);
			name = "Supporting Files";
			sourceTree = "<group>";
		};
		DB5C3C401CBE295800054F6E /* mantougeTests */ = {
			isa = PBXGroup;
			children = (
				DB5C3C411CBE295800054F6E /* mantougeTests.m */,
				DB5C3C431CBE295800054F6E /* Info.plist */,
			);
			path = mantougeTests;
			sourceTree = "<group>";
		};
		DB5C3C4B1CBE295800054F6E /* mantougeUITests */ = {
			isa = PBXGroup;
			children = (
				DB5C3C4C1CBE295800054F6E /* mantougeUITests.m */,
				DB5C3C4E1CBE295800054F6E /* Info.plist */,
			);
			path = mantougeUITests;
			sourceTree = "<group>";
		};
/* End PBXGroup section */

/* Begin PBXNativeTarget section */
		DB5C3C231CBE295800054F6E /* mantouge */ = {
			isa = PBXNativeTarget;
			buildConfigurationList = DB5C3C511CBE295800054F6E /* Build configuration list for PBXNativeTarget "mantouge" */;
			buildPhases = (
				DB5C3C201CBE295800054F6E /* Sources */,
				DB5C3C211CBE295800054F6E /* Frameworks */,
				DB5C3C221CBE295800054F6E /* Resources */,
			);
			buildRules = (
			);
			dependencies = (
			);
			name = mantouge;
			productName = mantouge;
			productReference = DB5C3C241CBE295800054F6E /* mantouge.app */;
			productType = "com.apple.product-type.application";
		};
		DB5C3C3C1CBE295800054F6E /* mantougeTests */ = {
			isa = PBXNativeTarget;
			buildConfigurationList = DB5C3C541CBE295800054F6E /* Build configuration list for PBXNativeTarget "mantougeTests" */;
			buildPhases = (
				DB5C3C391CBE295800054F6E /* Sources */,
				DB5C3C3A1CBE295800054F6E /* Frameworks */,
				DB5C3C3B1CBE295800054F6E /* Resources */,
			);
			buildRules = (
			);
			dependencies = (
				DB5C3C3F1CBE295800054F6E /* PBXTargetDependency */,
			);
			name = mantougeTests;
			productName = mantougeTests;
			productReference = DB5C3C3D1CBE295800054F6E /* mantougeTests.xctest */;
			productType = "com.apple.product-type.bundle.unit-test";
		};
		DB5C3C471CBE295800054F6E /* mantougeUITests */ = {
			isa = PBXNativeTarget;
			buildConfigurationList = DB5C3C571CBE295800054F6E /* Build configuration list for PBXNativeTarget "mantougeUITests" */;
			buildPhases = (
				DB5C3C441CBE295800054F6E /* Sources */,
				DB5C3C451CBE295800054F6E /* Frameworks */,
				DB5C3C461CBE295800054F6E /* Resources */,
			);
			buildRules = (
			);
			dependencies = (
				DB5C3C4A1CBE295800054F6E /* PBXTargetDependency */,
			);
			name = mantougeUITests;
			productName = mantougeUITests;
			productReference = DB5C3C481CBE295800054F6E /* mantougeUITests.xctest */;
			productType = "com.apple.product-type.bundle.ui-testing";
		};
/* End PBXNativeTarget section */

/* Begin PBXProject section */
		DB5C3C1C1CBE295800054F6E /* Project object */ = {
			isa = PBXProject;
			attributes = {
				LastUpgradeCheck = 0730;
				ORGANIZATIONNAME = mm;
				TargetAttributes = {
					DB5C3C231CBE295800054F6E = {
						CreatedOnToolsVersion = 7.3;
					};
					DB5C3C3C1CBE295800054F6E = {
						CreatedOnToolsVersion = 7.3;
						TestTargetID = DB5C3C231CBE295800054F6E;
					};
					DB5C3C471CBE295800054F6E = {
						CreatedOnToolsVersion = 7.3;
						TestTargetID = DB5C3C231CBE295800054F6E;
					};
				};
			};
			buildConfigurationList = DB5C3C1F1CBE295800054F6E /* Build configuration list for PBXProject "mantouge" */;
			compatibilityVersion = "Xcode 3.2";
			developmentRegion = English;
			hasScannedForEncodings = 0;
			knownRegions = (
				en,
				Base,
			);
			mainGroup = DB5C3C1B1CBE295800054F6E;
			productRefGroup = DB5C3C251CBE295800054F6E /* Products */;
			projectDirPath = "";
			projectRoot = "";
			targets = (
				DB5C3C231CBE295800054F6E /* mantouge */,
				DB5C3C3C1CBE295800054F6E /* mantougeTests */,
				DB5C3C471CBE295800054F6E /* mantougeUITests */,
			);
		};
/* End PBXProject section */

/* Begin PBXResourcesBuildPhase section */
		DB5C3C221CBE295800054F6E /* Resources */ = {
			isa = PBXResourcesBuildPhase;
			buildActionMask = 2147483647;
			files = (
				DB5C3C371CBE295800054F6E /* LaunchScreen.storyboard in Resources */,
				DB5C3C341CBE295800054F6E /* Assets.xcassets in Resources */,
				DB5C3C321CBE295800054F6E /* Main.storyboard in Resources */,
			);
			runOnlyForDeploymentPostprocessing = 0;
		};
		DB5C3C3B1CBE295800054F6E /* Resources */ = {
			isa = PBXResourcesBuildPhase;
			buildActionMask = 2147483647;
			files = (
			);
			runOnlyForDeploymentPostprocessing = 0;
		};
		DB5C3C461CBE295800054F6E /* Resources */ = {
			isa = PBXResourcesBuildPhase;
			buildActionMask = 2147483647;
			files = (
			);
			runOnlyForDeploymentPostprocessing = 0;
		};
/* End PBXResourcesBuildPhase section */

/* Begin PBXSourcesBuildPhase section */
		DB5C3C201CBE295800054F6E /* Sources */ = {
			isa = PBXSourcesBuildPhase;
			buildActionMask = 2147483647;
			files = (
				DB5C3C2F1CBE295800054F6E /* ViewController.m in Sources */,
				DB5C3C2C1CBE295800054F6E /* AppDelegate.m in Sources */,
				DB5C3C291CBE295800054F6E /* main.m in Sources */,
			);
			runOnlyForDeploymentPostprocessing = 0;
		};
		DB5C3C391CBE295800054F6E /* Sources */ = {
			isa = PBXSourcesBuildPhase;
			buildActionMask = 2147483647;
			files = (
				DB5C3C421CBE295800054F6E /* mantougeTests.m in Sources */,
			);
			runOnlyForDeploymentPostprocessing = 0;
		};
		DB5C3C441CBE295800054F6E /* Sources */ = {
			isa = PBXSourcesBuildPhase;
			buildActionMask = 2147483647;
			files = (
				DB5C3C4D1CBE295800054F6E /* mantougeUITests.m in Sources */,
			);
			runOnlyForDeploymentPostprocessing = 0;
		};
/* End PBXSourcesBuildPhase section */

/* Begin PBXTargetDependency section */
		DB5C3C3F1CBE295800054F6E /* PBXTargetDependency */ = {
			isa = PBXTargetDependency;
			target = DB5C3C231CBE295800054F6E /* mantouge */;
			targetProxy = DB5C3C3E1CBE295800054F6E /* PBXContainerItemProxy */;
		};
		DB5C3C4A1CBE295800054F6E /* PBXTargetDependency */ = {
			isa = PBXTargetDependency;
			target = DB5C3C231CBE295800054F6E /* mantouge */;
			targetProxy = DB5C3C491CBE295800054F6E /* PBXContainerItemProxy */;
		};
/* End PBXTargetDependency section */

/* Begin PBXVariantGroup section */
		DB5C3C301CBE295800054F6E /* Main.storyboard */ = {
			isa = PBXVariantGroup;
			children = (
				DB5C3C311CBE295800054F6E /* Base */,
			);
			name = Main.storyboard;
			sourceTree = "<group>";
		};
		DB5C3C351CBE295800054F6E /* LaunchScreen.storyboard */ = {
			isa = PBXVariantGroup;
			children = (
				DB5C3C361CBE295800054F6E /* Base */,
			);
			name = LaunchScreen.storyboard;
			sourceTree = "<group>";
		};
/* End PBXVariantGroup section */

/* Begin XCBuildConfiguration section */
		DB5C3C4F1CBE295800054F6E /* Debug */ = {
			isa = XCBuildConfiguration;
			buildSettings = {
				ALWAYS_SEARCH_USER_PATHS = NO;
				CLANG_ANALYZER_NONNULL = YES;
				CLANG_CXX_LANGUAGE_STANDARD = "gnu++0x";
				CLANG_CXX_LIBRARY = "libc++";
				CLANG_ENABLE_MODULES = YES;
				CLANG_ENABLE_OBJC_ARC = YES;
				CLANG_WARN_BOOL_CONVERSION = YES;
				CLANG_WARN_CONSTANT_CONVERSION = YES;
				CLANG_WARN_DIRECT_OBJC_ISA_USAGE = YES_ERROR;
				CLANG_WARN_EMPTY_BODY = YES;
				CLANG_WARN_ENUM_CONVERSION = YES;
				CLANG_WARN_INT_CONVERSION = YES;
				CLANG_WARN_OBJC_ROOT_CLASS = YES_ERROR;
				CLANG_WARN_UNREACHABLE_CODE = YES;
				CLANG_WARN__DUPLICATE_METHOD_MATCH = YES;
				"CODE_SIGN_IDENTITY[sdk=iphoneos*]" = "iPhone Developer";
				COPY_PHASE_STRIP = NO;
				DEBUG_INFORMATION_FORMAT = dwarf;
				ENABLE_STRICT_OBJC_MSGSEND = YES;
				ENABLE_TESTABILITY = YES;
				GCC_C_LANGUAGE_STANDARD = gnu99;
				GCC_DYNAMIC_NO_PIC = NO;
				GCC_NO_COMMON_BLOCKS = YES;
				GCC_OPTIMIZATION_LEVEL = 0;
				GCC_PREPROCESSOR_DEFINITIONS = (
					"DEBUG=1",
					"$(inherited)",
				);
				GCC_WARN_64_TO_32_BIT_CONVERSION = YES;
				GCC_WARN_ABOUT_RETURN_TYPE = YES_ERROR;
				GCC_WARN_UNDECLARED_SELECTOR = YES;
				GCC_WARN_UNINITIALIZED_AUTOS = YES_AGGRESSIVE;
				GCC_WARN_UNUSED_FUNCTION = YES;
				GCC_WARN_UNUSED_VARIABLE = YES;
				IPHONEOS_DEPLOYMENT_TARGET = 9.3;
				MTL_ENABLE_DEBUG_INFO = YES;
				ONLY_ACTIVE_ARCH = YES;
				SDKROOT = iphoneos;
				TARGETED_DEVICE_FAMILY = "1,2";
			};
			name = Debug;
		};
		DB5C3C501CBE295800054F6E /* Release */ = {
			isa = XCBuildConfiguration;
			buildSettings = {
				ALWAYS_SEARCH_USER_PATHS = NO;
				CLANG_ANALYZER_NONNULL = YES;
				CLANG_CXX_LANGUAGE_STANDARD = "gnu++0x";
				CLANG_CXX_LIBRARY = "libc++";
				CLANG_ENABLE_MODULES = YES;
				CLANG_ENABLE_OBJC_ARC = YES;
				CLANG_WARN_BOOL_CONVERSION = YES;
				CLANG_WARN_CONSTANT_CONVERSION = YES;
				CLANG_WARN_DIRECT_OBJC_ISA_USAGE = YES_ERROR;
				CLANG_WARN_EMPTY_BODY = YES;
				CLANG_WARN_ENUM_CONVERSION = YES;
				CLANG_WARN_INT_CONVERSION = YES;
				CLANG_WARN_OBJC_ROOT_CLASS = YES_ERROR;
				CLANG_WARN_UNREACHABLE_CODE = YES;
				CLANG_WARN__DUPLICATE_METHOD_MATCH = YES;
				"CODE_SIGN_IDENTITY[sdk=iphoneos*]" = "iPhone Developer";
				COPY_PHASE_STRIP = NO;
				DEBUG_INFORMATION_FORMAT = "dwarf-with-dsym";
				ENABLE_NS_ASSERTIONS = NO;
				ENABLE_STRICT_OBJC_MSGSEND = YES;
				GCC_C_LANGUAGE_STANDARD = gnu99;
				GCC_NO_COMMON_BLOCKS = YES;
				GCC_WARN_64_TO_32_BIT_CONVERSION = YES;
				GCC_WARN_ABOUT_RETURN_TYPE = YES_ERROR;
				GCC_WARN_UNDECLARED_SELECTOR = YES;
				GCC_WARN_UNINITIALIZED_AUTOS = YES_AGGRESSIVE;
				GCC_WARN_UNUSED_FUNCTION = YES;
				GCC_WARN_UNUSED_VARIABLE = YES;
				IPHONEOS_DEPLOYMENT_TARGET = 9.3;
				MTL_ENABLE_DEBUG_INFO = NO;
				SDKROOT = iphoneos;
				TARGETED_DEVICE_FAMILY = "1,2";
				VALIDATE_PRODUCT = YES;
			};
			name = Release;
		};
		DB5C3C521CBE295800054F6E /* Debug */ = {
			isa = XCBuildConfiguration;
			buildSettings = {
				ASSETCATALOG_COMPILER_APPICON_NAME = AppIcon;
				INFOPLIST_FILE = mantouge/Info.plist;
				LD_RUNPATH_SEARCH_PATHS = "$(inherited) @executable_path/Frameworks";
				PRODUCT_BUNDLE_IDENTIFIER = cn.com.mantouge;
				PRODUCT_NAME = "$(TARGET_NAME)";
			};
			name = Debug;
		};
		DB5C3C531CBE295800054F6E /* Release */ = {
			isa = XCBuildConfiguration;
			buildSettings = {
				ASSETCATALOG_COMPILER_APPICON_NAME = AppIcon;
				INFOPLIST_FILE = mantouge/Info.plist;
				LD_RUNPATH_SEARCH_PATHS = "$(inherited) @executable_path/Frameworks";
				PRODUCT_BUNDLE_IDENTIFIER = cn.com.mantouge;
				PRODUCT_NAME = "$(TARGET_NAME)";
			};
			name = Release;
		};
		DB5C3C551CBE295800054F6E /* Debug */ = {
			isa = XCBuildConfiguration;
			buildSettings = {
				BUNDLE_LOADER = "$(TEST_HOST)";
				INFOPLIST_FILE = mantougeTests/Info.plist;
				LD_RUNPATH_SEARCH_PATHS = "$(inherited) @executable_path/Frameworks @loader_path/Frameworks";
				PRODUCT_BUNDLE_IDENTIFIER = cn.com.mantougeTests;
				PRODUCT_NAME = "$(TARGET_NAME)";
				TEST_HOST = "$(BUILT_PRODUCTS_DIR)/mantouge.app/mantouge";
			};
			name = Debug;
		};
		DB5C3C561CBE295800054F6E /* Release */ = {
			isa = XCBuildConfiguration;
			buildSettings = {
				BUNDLE_LOADER = "$(TEST_HOST)";
				INFOPLIST_FILE = mantougeTests/Info.plist;
				LD_RUNPATH_SEARCH_PATHS = "$(inherited) @executable_path/Frameworks @loader_path/Frameworks";
				PRODUCT_BUNDLE_IDENTIFIER = cn.com.mantougeTests;
				PRODUCT_NAME = "$(TARGET_NAME)";
				TEST_HOST = "$(BUILT_PRODUCTS_DIR)/mantouge.app/mantouge";
			};
			name = Release;
		};
		DB5C3C581CBE295800054F6E /* Debug */ = {
			isa = XCBuildConfiguration;
			buildSettings = {
				INFOPLIST_FILE = mantougeUITests/Info.plist;
				LD_RUNPATH_SEARCH_PATHS = "$(inherited) @executable_path/Frameworks @loader_path/Frameworks";
				PRODUCT_BUNDLE_IDENTIFIER = cn.com.mantougeUITests;
				PRODUCT_NAME = "$(TARGET_NAME)";
				TEST_TARGET_NAME = mantouge;
			};
			name = Debug;
		};
		DB5C3C591CBE295800054F6E /* Release */ = {
			isa = XCBuildConfiguration;
			buildSettings = {
				INFOPLIST_FILE = mantougeUITests/Info.plist;
				LD_RUNPATH_SEARCH_PATHS = "$(inherited) @executable_path/Frameworks @loader_path/Frameworks";
				PRODUCT_BUNDLE_IDENTIFIER = cn.com.mantougeUITests;
				PRODUCT_NAME = "$(TARGET_NAME)";
				TEST_TARGET_NAME = mantouge;
			};
			name = Release;
		};
/* End XCBuildConfiguration section */

/* Begin XCConfigurationList section */
		DB5C3C1F1CBE295800054F6E /* Build configuration list for PBXProject "mantouge" */ = {
			isa = XCConfigurationList;
			buildConfigurations = (
				DB5C3C4F1CBE295800054F6E /* Debug */,
				DB5C3C501CBE295800054F6E /* Release */,
			);
			defaultConfigurationIsVisible = 0;
			defaultConfigurationName = Release;
		};
		DB5C3C511CBE295800054F6E /* Build configuration list for PBXNativeTarget "mantouge" */ = {
			isa = XCConfigurationList;
			buildConfigurations = (
				DB5C3C521CBE295800054F6E /* Debug */,
				DB5C3C531CBE295800054F6E /* Release */,
			);
			defaultConfigurationIsVisible = 0;
		};
		DB5C3C541CBE295800054F6E /* Build configuration list for PBXNativeTarget "mantougeTests" */ = {
			isa = XCConfigurationList;
			buildConfigurations = (
				DB5C3C551CBE295800054F6E /* Debug */,
				DB5C3C561CBE295800054F6E /* Release */,
			);
			defaultConfigurationIsVisible = 0;
		};
		DB5C3C571CBE295800054F6E /* Build configuration list for PBXNativeTarget "mantougeUITests" */ = {
			isa = XCConfigurationList;
			buildConfigurations = (
				DB5C3C581CBE295800054F6E /* Debug */,
				DB5C3C591CBE295800054F6E /* Release */,
			);
			defaultConfigurationIsVisible = 0;
		};
/* End XCConfigurationList section */
	};
	rootObject = DB5C3C1C1CBE295800054F6E /* Project object */;
}
